// !$*UTF8*$!
{
	archiveVersion = 1;
	classes = {
	};
	objectVersion = 60;
	objects = {

/* Begin PBXBuildFile section */
		5A6259442C18D95600304200 /* SwiftTestingApp.swift in Sources */ = {isa = PBXBuildFile; fileRef = 5A6259432C18D95600304200 /* SwiftTestingApp.swift */; };
		5A6259462C18D95600304200 /* ContentView.swift in Sources */ = {isa = PBXBuildFile; fileRef = 5A6259452C18D95600304200 /* ContentView.swift */; };
		5A6259482C18D95700304200 /* Assets.xcassets in Resources */ = {isa = PBXBuildFile; fileRef = 5A6259472C18D95700304200 /* Assets.xcassets */; };
		5A62594B2C18D95700304200 /* Preview Assets.xcassets in Resources */ = {isa = PBXBuildFile; fileRef = 5A62594A2C18D95700304200 /* Preview Assets.xcassets */; };
		5A6259552C18D95700304200 /* SwiftTestingTests.swift in Sources */ = {isa = PBXBuildFile; fileRef = 5A6259542C18D95700304200 /* SwiftTestingTests.swift */; };
		5A62595F2C18D95700304200 /* SwiftTestingUITests.swift in Sources */ = {isa = PBXBuildFile; fileRef = 5A62595E2C18D95700304200 /* SwiftTestingUITests.swift */; };
		5A6259612C18D95700304200 /* SwiftTestingUITestsLaunchTests.swift in Sources */ = {isa = PBXBuildFile; fileRef = 5A6259602C18D95700304200 /* SwiftTestingUITestsLaunchTests.swift */; };
/* End PBXBuildFile section */

/* Begin PBXContainerItemProxy section */
		5A6259512C18D95700304200 /* PBXContainerItemProxy */ = {
			isa = PBXContainerItemProxy;
			containerPortal = 5A6259382C18D95600304200 /* Project object */;
			proxyType = 1;
			remoteGlobalIDString = 5A62593F2C18D95600304200;
			remoteInfo = SwiftTesting;
		};
		5A62595B2C18D95700304200 /* PBXContainerItemProxy */ = {
			isa = PBXContainerItemProxy;
			containerPortal = 5A6259382C18D95600304200 /* Project object */;
			proxyType = 1;
			remoteGlobalIDString = 5A62593F2C18D95600304200;
			remoteInfo = SwiftTesting;
		};
/* End PBXContainerItemProxy section */

/* Begin PBXFileReference section */
		5A6259402C18D95600304200 /* SwiftTesting.app */ = {isa = PBXFileReference; explicitFileType = wrapper.application; includeInIndex = 0; path = SwiftTesting.app; sourceTree = BUILT_PRODUCTS_DIR; };
		5A6259432C18D95600304200 /* SwiftTestingApp.swift */ = {isa = PBXFileReference; lastKnownFileType = sourcecode.swift; path = SwiftTestingApp.swift; sourceTree = "<group>"; };
		5A6259452C18D95600304200 /* ContentView.swift */ = {isa = PBXFileReference; lastKnownFileType = sourcecode.swift; path = ContentView.swift; sourceTree = "<group>"; };
		5A6259472C18D95700304200 /* Assets.xcassets */ = {isa = PBXFileReference; lastKnownFileType = folder.assetcatalog; path = Assets.xcassets; sourceTree = "<group>"; };
		5A62594A2C18D95700304200 /* Preview Assets.xcassets */ = {isa = PBXFileReference; lastKnownFileType = folder.assetcatalog; path = "Preview Assets.xcassets"; sourceTree = "<group>"; };
		5A6259502C18D95700304200 /* SwiftTestingTests.xctest */ = {isa = PBXFileReference; explicitFileType = wrapper.cfbundle; includeInIndex = 0; path = SwiftTestingTests.xctest; sourceTree = BUILT_PRODUCTS_DIR; };
		5A6259542C18D95700304200 /* SwiftTestingTests.swift */ = {isa = PBXFileReference; lastKnownFileType = sourcecode.swift; path = SwiftTestingTests.swift; sourceTree = "<group>"; };
		5A62595A2C18D95700304200 /* SwiftTestingUITests.xctest */ = {isa = PBXFileReference; explicitFileType = wrapper.cfbundle; includeInIndex = 0; path = SwiftTestingUITests.xctest; sourceTree = BUILT_PRODUCTS_DIR; };
		5A62595E2C18D95700304200 /* SwiftTestingUITests.swift */ = {isa = PBXFileReference; lastKnownFileType = sourcecode.swift; path = SwiftTestingUITests.swift; sourceTree = "<group>"; };
		5A6259602C18D95700304200 /* SwiftTestingUITestsLaunchTests.swift */ = {isa = PBXFileReference; lastKnownFileType = sourcecode.swift; path = SwiftTestingUITestsLaunchTests.swift; sourceTree = "<group>"; };
/* End PBXFileReference section */

/* Begin PBXFrameworksBuildPhase section */
		5A62593D2C18D95600304200 /* Frameworks */ = {
			isa = PBXFrameworksBuildPhase;
			buildActionMask = 2147483647;
			files = (
			);
			runOnlyForDeploymentPostprocessing = 0;
		};
		5A62594D2C18D95700304200 /* Frameworks */ = {
			isa = PBXFrameworksBuildPhase;
			buildActionMask = 2147483647;
			files = (
			);
			runOnlyForDeploymentPostprocessing = 0;
		};
		5A6259572C18D95700304200 /* Frameworks */ = {
			isa = PBXFrameworksBuildPhase;
			buildActionMask = 2147483647;
			files = (
			);
			runOnlyForDeploymentPostprocessing = 0;
		};
/* End PBXFrameworksBuildPhase section */

/* Begin PBXGroup section */
		5A6259372C18D95600304200 = {
			isa = PBXGroup;
			children = (
				5A6259422C18D95600304200 /* SwiftTesting */,
				5A6259532C18D95700304200 /* SwiftTestingTests */,
				5A62595D2C18D95700304200 /* SwiftTestingUITests */,
				5A6259412C18D95600304200 /* Products */,
			);
			sourceTree = "<group>";
		};
		5A6259412C18D95600304200 /* Products */ = {
			isa = PBXGroup;
			children = (
				5A6259402C18D95600304200 /* SwiftTesting.app */,
				5A6259502C18D95700304200 /* SwiftTestingTests.xctest */,
				5A62595A2C18D95700304200 /* SwiftTestingUITests.xctest */,
			);
			name = Products;
			sourceTree = "<group>";
		};
		5A6259422C18D95600304200 /* SwiftTesting */ = {
			isa = PBXGroup;
			children = (
				5A6259432C18D95600304200 /* SwiftTestingApp.swift */,
				5A6259452C18D95600304200 /* ContentView.swift */,
				5A6259472C18D95700304200 /* Assets.xcassets */,
				5A6259492C18D95700304200 /* Preview Content */,
			);
			path = SwiftTesting;
			sourceTree = "<group>";
		};
		5A6259492C18D95700304200 /* Preview Content */ = {
			isa = PBXGroup;
			children = (
				5A62594A2C18D95700304200 /* Preview Assets.xcassets */,
			);
			path = "Preview Content";
			sourceTree = "<group>";
		};
		5A6259532C18D95700304200 /* SwiftTestingTests */ = {
			isa = PBXGroup;
			children = (
				5A6259542C18D95700304200 /* SwiftTestingTests.swift */,
			);
			path = SwiftTestingTests;
			sourceTree = "<group>";
		};
		5A62595D2C18D95700304200 /* SwiftTestingUITests */ = {
			isa = PBXGroup;
			children = (
				5A62595E2C18D95700304200 /* SwiftTestingUITests.swift */,
				5A6259602C18D95700304200 /* SwiftTestingUITestsLaunchTests.swift */,
			);
			path = SwiftTestingUITests;
			sourceTree = "<group>";
		};
/* End PBXGroup section */

/* Begin PBXNativeTarget section */
		5A62593F2C18D95600304200 /* SwiftTesting */ = {
			isa = PBXNativeTarget;
			buildConfigurationList = 5A6259642C18D95700304200 /* Build configuration list for PBXNativeTarget "SwiftTesting" */;
			buildPhases = (
				5A62593C2C18D95600304200 /* Sources */,
				5A62593D2C18D95600304200 /* Frameworks */,
				5A62593E2C18D95600304200 /* Resources */,
			);
			buildRules = (
			);
			dependencies = (
			);
			name = SwiftTesting;
			productName = SwiftTesting;
			productReference = 5A6259402C18D95600304200 /* SwiftTesting.app */;
			productType = "com.apple.product-type.application";
		};
		5A62594F2C18D95700304200 /* SwiftTestingTests */ = {
			isa = PBXNativeTarget;
			buildConfigurationList = 5A6259672C18D95700304200 /* Build configuration list for PBXNativeTarget "SwiftTestingTests" */;
			buildPhases = (
				5A62594C2C18D95700304200 /* Sources */,
				5A62594D2C18D95700304200 /* Frameworks */,
				5A62594E2C18D95700304200 /* Resources */,
			);
			buildRules = (
			);
			dependencies = (
				5A6259522C18D95700304200 /* PBXTargetDependency */,
			);
			name = SwiftTestingTests;
			productName = SwiftTestingTests;
			productReference = 5A6259502C18D95700304200 /* SwiftTestingTests.xctest */;
			productType = "com.apple.product-type.bundle.unit-test";
		};
		5A6259592C18D95700304200 /* SwiftTestingUITests */ = {
			isa = PBXNativeTarget;
			buildConfigurationList = 5A62596A2C18D95700304200 /* Build configuration list for PBXNativeTarget "SwiftTestingUITests" */;
			buildPhases = (
				5A6259562C18D95700304200 /* Sources */,
				5A6259572C18D95700304200 /* Frameworks */,
				5A6259582C18D95700304200 /* Resources */,
			);
			buildRules = (
			);
			dependencies = (
				5A62595C2C18D95700304200 /* PBXTargetDependency */,
			);
			name = SwiftTestingUITests;
			productName = SwiftTestingUITests;
			productReference = 5A62595A2C18D95700304200 /* SwiftTestingUITests.xctest */;
			productType = "com.apple.product-type.bundle.ui-testing";
		};
/* End PBXNativeTarget section */

/* Begin PBXProject section */
		5A6259382C18D95600304200 /* Project object */ = {
			isa = PBXProject;
			attributes = {
				BuildIndependentTargetsInParallel = 1;
				LastSwiftUpdateCheck = 1600;
				LastUpgradeCheck = 1600;
				TargetAttributes = {
					5A62593F2C18D95600304200 = {
						CreatedOnToolsVersion = 16.0;
					};
					5A62594F2C18D95700304200 = {
						CreatedOnToolsVersion = 16.0;
						TestTargetID = 5A62593F2C18D95600304200;
					};
					5A6259592C18D95700304200 = {
						CreatedOnToolsVersion = 16.0;
						TestTargetID = 5A62593F2C18D95600304200;
					};
				};
			};
			buildConfigurationList = 5A62593B2C18D95600304200 /* Build configuration list for PBXProject "SwiftTesting" */;
			compatibilityVersion = "Xcode 15.0";
			developmentRegion = en;
			hasScannedForEncodings = 0;
			knownRegions = (
				en,
				Base,
			);
			mainGroup = 5A6259372C18D95600304200;
			productRefGroup = 5A6259412C18D95600304200 /* Products */;
			projectDirPath = "";
			projectRoot = "";
			targets = (
				5A62593F2C18D95600304200 /* SwiftTesting */,
				5A62594F2C18D95700304200 /* SwiftTestingTests */,
				5A6259592C18D95700304200 /* SwiftTestingUITests */,
			);
		};
/* End PBXProject section */

/* Begin PBXResourcesBuildPhase section */
		5A62593E2C18D95600304200 /* Resources */ = {
			isa = PBXResourcesBuildPhase;
			buildActionMask = 2147483647;
			files = (
				5A62594B2C18D95700304200 /* Preview Assets.xcassets in Resources */,
				5A6259482C18D95700304200 /* Assets.xcassets in Resources */,
			);
			runOnlyForDeploymentPostprocessing = 0;
		};
		5A62594E2C18D95700304200 /* Resources */ = {
			isa = PBXResourcesBuildPhase;
			buildActionMask = 2147483647;
			files = (
			);
			runOnlyForDeploymentPostprocessing = 0;
		};
		5A6259582C18D95700304200 /* Resources */ = {
			isa = PBXResourcesBuildPhase;
			buildActionMask = 2147483647;
			files = (
			);
			runOnlyForDeploymentPostprocessing = 0;
		};
/* End PBXResourcesBuildPhase section */

/* Begin PBXSourcesBuildPhase section */
		5A62593C2C18D95600304200 /* Sources */ = {
			isa = PBXSourcesBuildPhase;
			buildActionMask = 2147483647;
			files = (
				5A6259462C18D95600304200 /* ContentView.swift in Sources */,
				5A6259442C18D95600304200 /* SwiftTestingApp.swift in Sources */,
			);
			runOnlyForDeploymentPostprocessing = 0;
		};
		5A62594C2C18D95700304200 /* Sources */ = {
			isa = PBXSourcesBuildPhase;
			buildActionMask = 2147483647;
			files = (
				5A6259552C18D95700304200 /* SwiftTestingTests.swift in Sources */,
			);
			runOnlyForDeploymentPostprocessing = 0;
		};
		5A6259562C18D95700304200 /* Sources */ = {
			isa = PBXSourcesBuildPhase;
			buildActionMask = 2147483647;
			files = (
				5A62595F2C18D95700304200 /* SwiftTestingUITests.swift in Sources */,
				5A6259612C18D95700304200 /* SwiftTestingUITestsLaunchTests.swift in Sources */,
			);
			runOnlyForDeploymentPostprocessing = 0;
		};
/* End PBXSourcesBuildPhase section */

/* Begin PBXTargetDependency section */
		5A6259522C18D95700304200 /* PBXTargetDependency */ = {
			isa = PBXTargetDependency;
			target = 5A62593F2C18D95600304200 /* SwiftTesting */;
			targetProxy = 5A6259512C18D95700304200 /* PBXContainerItemProxy */;
		};
		5A62595C2C18D95700304200 /* PBXTargetDependency */ = {
			isa = PBXTargetDependency;
			target = 5A62593F2C18D95600304200 /* SwiftTesting */;
			targetProxy = 5A62595B2C18D95700304200 /* PBXContainerItemProxy */;
		};
/* End PBXTargetDependency section */

/* Begin XCBuildConfiguration section */
		5A6259622C18D95700304200 /* Debug */ = {
			isa = XCBuildConfiguration;
			buildSettings = {
				ALWAYS_SEARCH_USER_PATHS = NO;
				ASSETCATALOG_COMPILER_GENERATE_SWIFT_ASSET_SYMBOL_EXTENSIONS = YES;
				CLANG_ANALYZER_NONNULL = YES;
				CLANG_ANALYZER_NUMBER_OBJECT_CONVERSION = YES_AGGRESSIVE;
				CLANG_CXX_LANGUAGE_STANDARD = "gnu++20";
				CLANG_ENABLE_MODULES = YES;
				CLANG_ENABLE_OBJC_ARC = YES;
				CLANG_ENABLE_OBJC_WEAK = YES;
				CLANG_WARN_BLOCK_CAPTURE_AUTORELEASING = YES;
				CLANG_WARN_BOOL_CONVERSION = YES;
				CLANG_WARN_COMMA = YES;
				CLANG_WARN_CONSTANT_CONVERSION = YES;
				CLANG_WARN_DEPRECATED_OBJC_IMPLEMENTATIONS = YES;
				CLANG_WARN_DIRECT_OBJC_ISA_USAGE = YES_ERROR;
				CLANG_WARN_DOCUMENTATION_COMMENTS = YES;
				CLANG_WARN_EMPTY_BODY = YES;
				CLANG_WARN_ENUM_CONVERSION = YES;
				CLANG_WARN_INFINITE_RECURSION = YES;
				CLANG_WARN_INT_CONVERSION = YES;
				CLANG_WARN_NON_LITERAL_NULL_CONVERSION = YES;
				CLANG_WARN_OBJC_IMPLICIT_RETAIN_SELF = YES;
				CLANG_WARN_OBJC_LITERAL_CONVERSION = YES;
				CLANG_WARN_OBJC_ROOT_CLASS = YES_ERROR;
				CLANG_WARN_QUOTED_INCLUDE_IN_FRAMEWORK_HEADER = YES;
				CLANG_WARN_RANGE_LOOP_ANALYSIS = YES;
				CLANG_WARN_STRICT_PROTOTYPES = YES;
				CLANG_WARN_SUSPICIOUS_MOVE = YES;
				CLANG_WARN_UNGUARDED_AVAILABILITY = YES_AGGRESSIVE;
				CLANG_WARN_UNREACHABLE_CODE = YES;
				CLANG_WARN__DUPLICATE_METHOD_MATCH = YES;
				COPY_PHASE_STRIP = NO;
				DEBUG_INFORMATION_FORMAT = dwarf;
				ENABLE_STRICT_OBJC_MSGSEND = YES;
				ENABLE_TESTABILITY = YES;
				ENABLE_USER_SCRIPT_SANDBOXING = YES;
				GCC_C_LANGUAGE_STANDARD = gnu17;
				GCC_DYNAMIC_NO_PIC = NO;
				GCC_NO_COMMON_BLOCKS = YES;
				GCC_OPTIMIZATION_LEVEL = 0;
				GCC_PREPROCESSOR_DEFINITIONS = (
					"DEBUG=1",
					"$(inherited)",
				);
				GCC_WARN_64_TO_32_BIT_CONVERSION = YES;
				GCC_WARN_ABOUT_RETURN_TYPE = YES_ERROR;
				GCC_WARN_UNDECLARED_SELECTOR = YES;
				GCC_WARN_UNINITIALIZED_AUTOS = YES_AGGRESSIVE;
				GCC_WARN_UNUSED_FUNCTION = YES;
				GCC_WARN_UNUSED_VARIABLE = YES;
				IPHONEOS_DEPLOYMENT_TARGET = 18.0;
				LOCALIZATION_PREFERS_STRING_CATALOGS = YES;
				MTL_ENABLE_DEBUG_INFO = INCLUDE_SOURCE;
				MTL_FAST_MATH = YES;
				ONLY_ACTIVE_ARCH = YES;
				SDKROOT = iphoneos;
				SWIFT_ACTIVE_COMPILATION_CONDITIONS = "DEBUG $(inherited)";
				SWIFT_OPTIMIZATION_LEVEL = "-Onone";
			};
			name = Debug;
		};
		5A6259632C18D95700304200 /* Release */ = {
			isa = XCBuildConfiguration;
			buildSettings = {
				ALWAYS_SEARCH_USER_PATHS = NO;
				ASSETCATALOG_COMPILER_GENERATE_SWIFT_ASSET_SYMBOL_EXTENSIONS = YES;
				CLANG_ANALYZER_NONNULL = YES;
				CLANG_ANALYZER_NUMBER_OBJECT_CONVERSION = YES_AGGRESSIVE;
				CLANG_CXX_LANGUAGE_STANDARD = "gnu++20";
				CLANG_ENABLE_MODULES = YES;
				CLANG_ENABLE_OBJC_ARC = YES;
				CLANG_ENABLE_OBJC_WEAK = YES;
				CLANG_WARN_BLOCK_CAPTURE_AUTORELEASING = YES;
				CLANG_WARN_BOOL_CONVERSION = YES;
				CLANG_WARN_COMMA = YES;
				CLANG_WARN_CONSTANT_CONVERSION = YES;
				CLANG_WARN_DEPRECATED_OBJC_IMPLEMENTATIONS = YES;
				CLANG_WARN_DIRECT_OBJC_ISA_USAGE = YES_ERROR;
				CLANG_WARN_DOCUMENTATION_COMMENTS = YES;
				CLANG_WARN_EMPTY_BODY = YES;
				CLANG_WARN_ENUM_CONVERSION = YES;
				CLANG_WARN_INFINITE_RECURSION = YES;
				CLANG_WARN_INT_CONVERSION = YES;
				CLANG_WARN_NON_LITERAL_NULL_CONVERSION = YES;
				CLANG_WARN_OBJC_IMPLICIT_RETAIN_SELF = YES;
				CLANG_WARN_OBJC_LITERAL_CONVERSION = YES;
				CLANG_WARN_OBJC_ROOT_CLASS = YES_ERROR;
				CLANG_WARN_QUOTED_INCLUDE_IN_FRAMEWORK_HEADER = YES;
				CLANG_WARN_RANGE_LOOP_ANALYSIS = YES;
				CLANG_WARN_STRICT_PROTOTYPES = YES;
				CLANG_WARN_SUSPICIOUS_MOVE = YES;
				CLANG_WARN_UNGUARDED_AVAILABILITY = YES_AGGRESSIVE;
				CLANG_WARN_UNREACHABLE_CODE = YES;
				CLANG_WARN__DUPLICATE_METHOD_MATCH = YES;
				COPY_PHASE_STRIP = NO;
				DEBUG_INFORMATION_FORMAT = "dwarf-with-dsym";
				ENABLE_NS_ASSERTIONS = NO;
				ENABLE_STRICT_OBJC_MSGSEND = YES;
				ENABLE_USER_SCRIPT_SANDBOXING = YES;
				GCC_C_LANGUAGE_STANDARD = gnu17;
				GCC_NO_COMMON_BLOCKS = YES;
				GCC_WARN_64_TO_32_BIT_CONVERSION = YES;
				GCC_WARN_ABOUT_RETURN_TYPE = YES_ERROR;
				GCC_WARN_UNDECLARED_SELECTOR = YES;
				GCC_WARN_UNINITIALIZED_AUTOS = YES_AGGRESSIVE;
				GCC_WARN_UNUSED_FUNCTION = YES;
				GCC_WARN_UNUSED_VARIABLE = YES;
				IPHONEOS_DEPLOYMENT_TARGET = 18.0;
				LOCALIZATION_PREFERS_STRING_CATALOGS = YES;
				MTL_ENABLE_DEBUG_INFO = NO;
				MTL_FAST_MATH = YES;
				SDKROOT = iphoneos;
				SWIFT_COMPILATION_MODE = wholemodule;
				VALIDATE_PRODUCT = YES;
			};
			name = Release;
		};
		5A6259652C18D95700304200 /* Debug */ = {
			isa = XCBuildConfiguration;
			buildSettings = {
				ASSETCATALOG_COMPILER_APPICON_NAME = AppIcon;
				ASSETCATALOG_COMPILER_GLOBAL_ACCENT_COLOR_NAME = AccentColor;
				CODE_SIGN_STYLE = Automatic;
				CURRENT_PROJECT_VERSION = 1;
				DEVELOPMENT_ASSET_PATHS = "\"SwiftTesting/Preview Content\"";
				DEVELOPMENT_TEAM = 9ZR69YFKY4;
				ENABLE_PREVIEWS = YES;
				GENERATE_INFOPLIST_FILE = YES;
				INFOPLIST_KEY_UIApplicationSceneManifest_Generation = YES;
				INFOPLIST_KEY_UIApplicationSupportsIndirectInputEvents = YES;
				INFOPLIST_KEY_UILaunchScreen_Generation = YES;
				INFOPLIST_KEY_UISupportedInterfaceOrientations_iPad = "UIInterfaceOrientationPortrait UIInterfaceOrientationPortraitUpsideDown UIInterfaceOrientationLandscapeLeft UIInterfaceOrientationLandscapeRight";
				INFOPLIST_KEY_UISupportedInterfaceOrientations_iPhone = "UIInterfaceOrientationPortrait UIInterfaceOrientationLandscapeLeft UIInterfaceOrientationLandscapeRight";
				LD_RUNPATH_SEARCH_PATHS = (
					"$(inherited)",
					"@executable_path/Frameworks",
				);
				MARKETING_VERSION = 1.0;
				PRODUCT_BUNDLE_IDENTIFIER = serkankara.SwiftTesting;
				PRODUCT_NAME = "$(TARGET_NAME)";
				SWIFT_EMIT_LOC_STRINGS = YES;
				SWIFT_VERSION = 5.0;
				TARGETED_DEVICE_FAMILY = "1,2";
			};
			name = Debug;
		};
		5A6259662C18D95700304200 /* Release */ = {
			isa = XCBuildConfiguration;
			buildSettings = {
				ASSETCATALOG_COMPILER_APPICON_NAME = AppIcon;
				ASSETCATALOG_COMPILER_GLOBAL_ACCENT_COLOR_NAME = AccentColor;
				CODE_SIGN_STYLE = Automatic;
				CURRENT_PROJECT_VERSION = 1;
				DEVELOPMENT_ASSET_PATHS = "\"SwiftTesting/Preview Content\"";
				DEVELOPMENT_TEAM = 9ZR69YFKY4;
				ENABLE_PREVIEWS = YES;
				GENERATE_INFOPLIST_FILE = YES;
				INFOPLIST_KEY_UIApplicationSceneManifest_Generation = YES;
				INFOPLIST_KEY_UIApplicationSupportsIndirectInputEvents = YES;
				INFOPLIST_KEY_UILaunchScreen_Generation = YES;
				INFOPLIST_KEY_UISupportedInterfaceOrientations_iPad = "UIInterfaceOrientationPortrait UIInterfaceOrientationPortraitUpsideDown UIInterfaceOrientationLandscapeLeft UIInterfaceOrientationLandscapeRight";
				INFOPLIST_KEY_UISupportedInterfaceOrientations_iPhone = "UIInterfaceOrientationPortrait UIInterfaceOrientationLandscapeLeft UIInterfaceOrientationLandscapeRight";
				LD_RUNPATH_SEARCH_PATHS = (
					"$(inherited)",
					"@executable_path/Frameworks",
				);
				MARKETING_VERSION = 1.0;
				PRODUCT_BUNDLE_IDENTIFIER = serkankara.SwiftTesting;
				PRODUCT_NAME = "$(TARGET_NAME)";
				SWIFT_EMIT_LOC_STRINGS = YES;
				SWIFT_VERSION = 5.0;
				TARGETED_DEVICE_FAMILY = "1,2";
			};
			name = Release;
		};
		5A6259682C18D95700304200 /* Debug */ = {
			isa = XCBuildConfiguration;
			buildSettings = {
				BUNDLE_LOADER = "$(TEST_HOST)";
				CODE_SIGN_STYLE = Automatic;
				CURRENT_PROJECT_VERSION = 1;
				DEVELOPMENT_TEAM = 9ZR69YFKY4;
				GENERATE_INFOPLIST_FILE = YES;
				IPHONEOS_DEPLOYMENT_TARGET = 18.0;
				MARKETING_VERSION = 1.0;
				PRODUCT_BUNDLE_IDENTIFIER = serkankara.SwiftTestingTests;
				PRODUCT_NAME = "$(TARGET_NAME)";
				SWIFT_EMIT_LOC_STRINGS = NO;
				SWIFT_VERSION = 5.0;
				TARGETED_DEVICE_FAMILY = "1,2";
				TEST_HOST = "$(BUILT_PRODUCTS_DIR)/SwiftTesting.app/$(BUNDLE_EXECUTABLE_FOLDER_PATH)/SwiftTesting";
			};
			name = Debug;
		};
		5A6259692C18D95700304200 /* Release */ = {
			isa = XCBuildConfiguration;
			buildSettings = {
				BUNDLE_LOADER = "$(TEST_HOST)";
				CODE_SIGN_STYLE = Automatic;
				CURRENT_PROJECT_VERSION = 1;
				DEVELOPMENT_TEAM = 9ZR69YFKY4;
				GENERATE_INFOPLIST_FILE = YES;
				IPHONEOS_DEPLOYMENT_TARGET = 18.0;
				MARKETING_VERSION = 1.0;
				PRODUCT_BUNDLE_IDENTIFIER = serkankara.SwiftTestingTests;
				PRODUCT_NAME = "$(TARGET_NAME)";
				SWIFT_EMIT_LOC_STRINGS = NO;
				SWIFT_VERSION = 5.0;
				TARGETED_DEVICE_FAMILY = "1,2";
				TEST_HOST = "$(BUILT_PRODUCTS_DIR)/SwiftTesting.app/$(BUNDLE_EXECUTABLE_FOLDER_PATH)/SwiftTesting";
			};
			name = Release;
		};
		5A62596B2C18D95700304200 /* Debug */ = {
			isa = XCBuildConfiguration;
			buildSettings = {
				CODE_SIGN_STYLE = Automatic;
				CURRENT_PROJECT_VERSION = 1;
				DEVELOPMENT_TEAM = 9ZR69YFKY4;
				GENERATE_INFOPLIST_FILE = YES;
				MARKETING_VERSION = 1.0;
				PRODUCT_BUNDLE_IDENTIFIER = serkankara.SwiftTestingUITests;
				PRODUCT_NAME = "$(TARGET_NAME)";
				SWIFT_EMIT_LOC_STRINGS = NO;
				SWIFT_VERSION = 5.0;
				TARGETED_DEVICE_FAMILY = "1,2";
				TEST_TARGET_NAME = SwiftTesting;
			};
			name = Debug;
		};
		5A62596C2C18D95700304200 /* Release */ = {
			isa = XCBuildConfiguration;
			buildSettings = {
				CODE_SIGN_STYLE = Automatic;
				CURRENT_PROJECT_VERSION = 1;
				DEVELOPMENT_TEAM = 9ZR69YFKY4;
				GENERATE_INFOPLIST_FILE = YES;
				MARKETING_VERSION = 1.0;
				PRODUCT_BUNDLE_IDENTIFIER = serkankara.SwiftTestingUITests;
				PRODUCT_NAME = "$(TARGET_NAME)";
				SWIFT_EMIT_LOC_STRINGS = NO;
				SWIFT_VERSION = 5.0;
				TARGETED_DEVICE_FAMILY = "1,2";
				TEST_TARGET_NAME = SwiftTesting;
			};
			name = Release;
		};
/* End XCBuildConfiguration section */

/* Begin XCConfigurationList section */
		5A62593B2C18D95600304200 /* Build configuration list for PBXProject "SwiftTesting" */ = {
			isa = XCConfigurationList;
			buildConfigurations = (
				5A6259622C18D95700304200 /* Debug */,
				5A6259632C18D95700304200 /* Release */,
			);
			defaultConfigurationIsVisible = 0;
			defaultConfigurationName = Release;
		};
		5A6259642C18D95700304200 /* Build configuration list for PBXNativeTarget "SwiftTesting" */ = {
			isa = XCConfigurationList;
			buildConfigurations = (
				5A6259652C18D95700304200 /* Debug */,
				5A6259662C18D95700304200 /* Release */,
			);
			defaultConfigurationIsVisible = 0;
			defaultConfigurationName = Release;
		};
		5A6259672C18D95700304200 /* Build configuration list for PBXNativeTarget "SwiftTestingTests" */ = {
			isa = XCConfigurationList;
			buildConfigurations = (
				5A6259682C18D95700304200 /* Debug */,
				5A6259692C18D95700304200 /* Release */,
			);
			defaultConfigurationIsVisible = 0;
			defaultConfigurationName = Release;
		};
		5A62596A2C18D95700304200 /* Build configuration list for PBXNativeTarget "SwiftTestingUITests" */ = {
			isa = XCConfigurationList;
			buildConfigurations = (
				5A62596B2C18D95700304200 /* Debug */,
				5A62596C2C18D95700304200 /* Release */,
			);
			defaultConfigurationIsVisible = 0;
			defaultConfigurationName = Release;
		};
/* End XCConfigurationList section */
	};
	rootObject = 5A6259382C18D95600304200 /* Project object */;
}
